
Microsoft Visual Studio Solution File, Format Version 12.00
# Visual Studio 15
VisualStudioVersion = 15.0.26403.0
MinimumVisualStudioVersion = 10.0.40219.1
Project("{FAE04EC0-301F-11D3-BF4B-00C04F79EFBC}") = "Repository", "Repository\Repository.csproj", "{2FB828DD-3AF3-43CC-B57F-D5EFCC91323C}"
EndProject
Project("{FAE04EC0-301F-11D3-BF4B-00C04F79EFBC}") = "AppCore", "Core\AppCore.csproj", "{CE8C7823-E377-4FAF-AD60-C940D4941265}"
EndProject
Project("{FAE04EC0-301F-11D3-BF4B-00C04F79EFBC}") = "RossmanMVC", "RossmanMVC\RossmanMVC.csproj", "{33979316-3C36-4709-A19D-E196DCA00181}"
EndProject
Project("{FAE04EC0-301F-11D3-BF4B-00C04F79EFBC}") = "WebApi", "WebApi\WebApi.csproj", "{72D1035C-88AB-4CEA-AA61-DF4A4D716AD1}"
EndProject
Global
	GlobalSection(SolutionConfigurationPlatforms) = preSolution
		Debug|Any CPU = Debug|Any CPU
		Release|Any CPU = Release|Any CPU
	EndGlobalSection
	GlobalSection(ProjectConfigurationPlatforms) = postSolution
		{2FB828DD-3AF3-43CC-B57F-D5EFCC91323C}.Debug|Any CPU.ActiveCfg = Debug|Any CPU
		{2FB828DD-3AF3-43CC-B57F-D5EFCC91323C}.Debug|Any CPU.Build.0 = Debug|Any CPU
		{2FB828DD-3AF3-43CC-B57F-D5EFCC91323C}.Release|Any CPU.ActiveCfg = Release|Any CPU
		{2FB828DD-3AF3-43CC-B57F-D5EFCC91323C}.Release|Any CPU.Build.0 = Release|Any CPU
		{CE8C7823-E377-4FAF-AD60-C940D4941265}.Debug|Any CPU.ActiveCfg = Debug|Any CPU
		{CE8C7823-E377-4FAF-AD60-C940D4941265}.Debug|Any CPU.Build.0 = Debug|Any CPU
		{CE8C7823-E377-4FAF-AD60-C940D4941265}.Release|Any CPU.ActiveCfg = Release|Any CPU
		{CE8C7823-E377-4FAF-AD60-C940D4941265}.Release|Any CPU.Build.0 = Release|Any CPU
		{33979316-3C36-4709-A19D-E196DCA00181}.Debug|Any CPU.ActiveCfg = Debug|Any CPU
		{33979316-3C36-4709-A19D-E196DCA00181}.Debug|Any CPU.Build.0 = Debug|Any CPU
		{33979316-3C36-4709-A19D-E196DCA00181}.Release|Any CPU.ActiveCfg = Release|Any CPU
		{33979316-3C36-4709-A19D-E196DCA00181}.Release|Any CPU.Build.0 = Release|Any CPU
		{72D1035C-88AB-4CEA-AA61-DF4A4D716AD1}.Debug|Any CPU.ActiveCfg = Debug|Any CPU
		{72D1035C-88AB-4CEA-AA61-DF4A4D716AD1}.Debug|Any CPU.Build.0 = Debug|Any CPU
		{72D1035C-88AB-4CEA-AA61-DF4A4D716AD1}.Release|Any CPU.ActiveCfg = Release|Any CPU
		{72D1035C-88AB-4CEA-AA61-DF4A4D716AD1}.Release|Any CPU.Build.0 = Release|Any CPU
	EndGlobalSection
	GlobalSection(SolutionProperties) = preSolution
		HideSolutionNode = FALSE
	EndGlobalSection
EndGlobal
